
Microsoft Visual Studio Solution File, Format Version 12.00
# Visual Studio Version 16
VisualStudioVersion = 16.0.30804.86
MinimumVisualStudioVersion = 10.0.40219.1
Project("{FAE04EC0-301F-11D3-BF4B-00C04F79EFBC}") = "AppQuantidade.UWP", "AppQuantidade\AppQuantidade.UWP\AppQuantidade.UWP.csproj", "{4B226D3C-31DB-4D9D-A72C-789152B69286}"
EndProject
Project("{FAE04EC0-301F-11D3-BF4B-00C04F79EFBC}") = "AppQuantidade.Android", "AppQuantidade\AppQuantidade.Android\AppQuantidade.Android.csproj", "{DAA64C10-25A7-4F39-BE76-4EEC31AD8D5A}"
EndProject
Project("{FAE04EC0-301F-11D3-BF4B-00C04F79EFBC}") = "AppQuantidade.iOS", "AppQuantidade\AppQuantidade.iOS\AppQuantidade.iOS.csproj", "{D92C63F6-B59A-4C7E-AC5C-72669B402487}"
EndProject
Project("{FAE04EC0-301F-11D3-BF4B-00C04F79EFBC}") = "AppQuantidade", "AppQuantidade\AppQuantidade\AppQuantidade.csproj", "{EB38534D-9E87-4F53-99F4-183BC5FE8A2B}"
EndProject
Global
	GlobalSection(SolutionConfigurationPlatforms) = preSolution
		Debug|Any CPU = Debug|Any CPU
		Debug|ARM = Debug|ARM
		Debug|iPhone = Debug|iPhone
		Debug|iPhoneSimulator = Debug|iPhoneSimulator
		Debug|x64 = Debug|x64
		Debug|x86 = Debug|x86
		Release|Any CPU = Release|Any CPU
		Release|ARM = Release|ARM
		Release|iPhone = Release|iPhone
		Release|iPhoneSimulator = Release|iPhoneSimulator
		Release|x64 = Release|x64
		Release|x86 = Release|x86
	EndGlobalSection
	GlobalSection(ProjectConfigurationPlatforms) = postSolution
		{4B226D3C-31DB-4D9D-A72C-789152B69286}.Debug|Any CPU.ActiveCfg = Debug|x86
		{4B226D3C-31DB-4D9D-A72C-789152B69286}.Debug|Any CPU.Build.0 = Debug|x86
		{4B226D3C-31DB-4D9D-A72C-789152B69286}.Debug|Any CPU.Deploy.0 = Debug|x86
		{4B226D3C-31DB-4D9D-A72C-789152B69286}.Debug|ARM.ActiveCfg = Debug|ARM
		{4B226D3C-31DB-4D9D-A72C-789152B69286}.Debug|ARM.Build.0 = Debug|ARM
		{4B226D3C-31DB-4D9D-A72C-789152B69286}.Debug|ARM.Deploy.0 = Debug|ARM
		{4B226D3C-31DB-4D9D-A72C-789152B69286}.Debug|iPhone.ActiveCfg = Debug|x86
		{4B226D3C-31DB-4D9D-A72C-789152B69286}.Debug|iPhone.Build.0 = Debug|x86
		{4B226D3C-31DB-4D9D-A72C-789152B69286}.Debug|iPhone.Deploy.0 = Debug|x86
		{4B226D3C-31DB-4D9D-A72C-789152B69286}.Debug|iPhoneSimulator.ActiveCfg = Debug|x86
		{4B226D3C-31DB-4D9D-A72C-789152B69286}.Debug|iPhoneSimulator.Build.0 = Debug|x86
		{4B226D3C-31DB-4D9D-A72C-789152B69286}.Debug|iPhoneSimulator.Deploy.0 = Debug|x86
		{4B226D3C-31DB-4D9D-A72C-789152B69286}.Debug|x64.ActiveCfg = Debug|x64
		{4B226D3C-31DB-4D9D-A72C-789152B69286}.Debug|x64.Build.0 = Debug|x64
		{4B226D3C-31DB-4D9D-A72C-789152B69286}.Debug|x64.Deploy.0 = Debug|x64
		{4B226D3C-31DB-4D9D-A72C-789152B69286}.Debug|x86.ActiveCfg = Debug|x86
		{4B226D3C-31DB-4D9D-A72C-789152B69286}.Debug|x86.Build.0 = Debug|x86
		{4B226D3C-31DB-4D9D-A72C-789152B69286}.Debug|x86.Deploy.0 = Debug|x86
		{4B226D3C-31DB-4D9D-A72C-789152B69286}.Release|Any CPU.ActiveCfg = Release|x86
		{4B226D3C-31DB-4D9D-A72C-789152B69286}.Release|Any CPU.Build.0 = Release|x86
		{4B226D3C-31DB-4D9D-A72C-789152B69286}.Release|Any CPU.Deploy.0 = Release|x86
		{4B226D3C-31DB-4D9D-A72C-789152B69286}.Release|ARM.ActiveCfg = Release|ARM
		{4B226D3C-31DB-4D9D-A72C-789152B69286}.Release|ARM.Build.0 = Release|ARM
		{4B226D3C-31DB-4D9D-A72C-789152B69286}.Release|ARM.Deploy.0 = Release|ARM
		{4B226D3C-31DB-4D9D-A72C-789152B69286}.Release|iPhone.ActiveCfg = Release|x86
		{4B226D3C-31DB-4D9D-A72C-789152B69286}.Release|iPhone.Build.0 = Release|x86
		{4B226D3C-31DB-4D9D-A72C-789152B69286}.Release|iPhone.Deploy.0 = Release|x86
		{4B226D3C-31DB-4D9D-A72C-789152B69286}.Release|iPhoneSimulator.ActiveCfg = Release|x86
		{4B226D3C-31DB-4D9D-A72C-789152B69286}.Release|iPhoneSimulator.Build.0 = Release|x86
		{4B226D3C-31DB-4D9D-A72C-789152B69286}.Release|iPhoneSimulator.Deploy.0 = Release|x86
		{4B226D3C-31DB-4D9D-A72C-789152B69286}.Release|x64.ActiveCfg = Release|x64
		{4B226D3C-31DB-4D9D-A72C-789152B69286}.Release|x64.Build.0 = Release|x64
		{4B226D3C-31DB-4D9D-A72C-789152B69286}.Release|x64.Deploy.0 = Release|x64
		{4B226D3C-31DB-4D9D-A72C-789152B69286}.Release|x86.ActiveCfg = Release|x86
		{4B226D3C-31DB-4D9D-A72C-789152B69286}.Release|x86.Build.0 = Release|x86
		{4B226D3C-31DB-4D9D-A72C-789152B69286}.Release|x86.Deploy.0 = Release|x86
		{DAA64C10-25A7-4F39-BE76-4EEC31AD8D5A}.Debug|Any CPU.ActiveCfg = Debug|Any CPU
		{DAA64C10-25A7-4F39-BE76-4EEC31AD8D5A}.Debug|Any CPU.Build.0 = Debug|Any CPU
		{DAA64C10-25A7-4F39-BE76-4EEC31AD8D5A}.Debug|Any CPU.Deploy.0 = Debug|Any CPU
		{DAA64C10-25A7-4F39-BE76-4EEC31AD8D5A}.Debug|ARM.ActiveCfg = Debug|Any CPU
		{DAA64C10-25A7-4F39-BE76-4EEC31AD8D5A}.Debug|ARM.Build.0 = Debug|Any CPU
		{DAA64C10-25A7-4F39-BE76-4EEC31AD8D5A}.Debug|ARM.Deploy.0 = Debug|Any CPU
		{DAA64C10-25A7-4F39-BE76-4EEC31AD8D5A}.Debug|iPhone.ActiveCfg = Debug|Any CPU
		{DAA64C10-25A7-4F39-BE76-4EEC31AD8D5A}.Debug|iPhone.Build.0 = Debug|Any CPU
		{DAA64C10-25A7-4F39-BE76-4EEC31AD8D5A}.Debug|iPhone.Deploy.0 = Debug|Any CPU
		{DAA64C10-25A7-4F39-BE76-4EEC31AD8D5A}.Debug|iPhoneSimulator.ActiveCfg = Debug|Any CPU
		{DAA64C10-25A7-4F39-BE76-4EEC31AD8D5A}.Debug|iPhoneSimulator.Build.0 = Debug|Any CPU
		{DAA64C10-25A7-4F39-BE76-4EEC31AD8D5A}.Debug|iPhoneSimulator.Deploy.0 = Debug|Any CPU
		{DAA64C10-25A7-4F39-BE76-4EEC31AD8D5A}.Debug|x64.ActiveCfg = Debug|Any CPU
		{DAA64C10-25A7-4F39-BE76-4EEC31AD8D5A}.Debug|x64.Build.0 = Debug|Any CPU
		{DAA64C10-25A7-4F39-BE76-4EEC31AD8D5A}.Debug|x64.Deploy.0 = Debug|Any CPU
		{DAA64C10-25A7-4F39-BE76-4EEC31AD8D5A}.Debug|x86.ActiveCfg = Debug|Any CPU
		{DAA64C10-25A7-4F39-BE76-4EEC31AD8D5A}.Debug|x86.Build.0 = Debug|Any CPU
		{DAA64C10-25A7-4F39-BE76-4EEC31AD8D5A}.Debug|x86.Deploy.0 = Debug|Any CPU
		{DAA64C10-25A7-4F39-BE76-4EEC31AD8D5A}.Release|Any CPU.ActiveCfg = Release|Any CPU
		{DAA64C10-25A7-4F39-BE76-4EEC31AD8D5A}.Release|Any CPU.Build.0 = Release|Any CPU
		{DAA64C10-25A7-4F39-BE76-4EEC31AD8D5A}.Release|Any CPU.Deploy.0 = Release|Any CPU
		{DAA64C10-25A7-4F39-BE76-4EEC31AD8D5A}.Release|ARM.ActiveCfg = Release|Any CPU
		{DAA64C10-25A7-4F39-BE76-4EEC31AD8D5A}.Release|ARM.Build.0 = Release|Any CPU
		{DAA64C10-25A7-4F39-BE76-4EEC31AD8D5A}.Release|ARM.Deploy.0 = Release|Any CPU
		{DAA64C10-25A7-4F39-BE76-4EEC31AD8D5A}.Release|iPhone.ActiveCfg = Release|Any CPU
		{DAA64C10-25A7-4F39-BE76-4EEC31AD8D5A}.Release|iPhone.Build.0 = Release|Any CPU
		{DAA64C10-25A7-4F39-BE76-4EEC31AD8D5A}.Release|iPhone.Deploy.0 = Release|Any CPU
		{DAA64C10-25A7-4F39-BE76-4EEC31AD8D5A}.Release|iPhoneSimulator.ActiveCfg = Release|Any CPU
		{DAA64C10-25A7-4F39-BE76-4EEC31AD8D5A}.Release|iPhoneSimulator.Build.0 = Release|Any CPU
		{DAA64C10-25A7-4F39-BE76-4EEC31AD8D5A}.Release|iPhoneSimulator.Deploy.0 = Release|Any CPU
		{DAA64C10-25A7-4F39-BE76-4EEC31AD8D5A}.Release|x64.ActiveCfg = Release|Any CPU
		{DAA64C10-25A7-4F39-BE76-4EEC31AD8D5A}.Release|x64.Build.0 = Release|Any CPU
		{DAA64C10-25A7-4F39-BE76-4EEC31AD8D5A}.Release|x64.Deploy.0 = Release|Any CPU
		{DAA64C10-25A7-4F39-BE76-4EEC31AD8D5A}.Release|x86.ActiveCfg = Release|Any CPU
		{DAA64C10-25A7-4F39-BE76-4EEC31AD8D5A}.Release|x86.Build.0 = Release|Any CPU
		{DAA64C10-25A7-4F39-BE76-4EEC31AD8D5A}.Release|x86.Deploy.0 = Release|Any CPU
		{D92C63F6-B59A-4C7E-AC5C-72669B402487}.Debug|Any CPU.ActiveCfg = Debug|iPhoneSimulator
		{D92C63F6-B59A-4C7E-AC5C-72669B402487}.Debug|Any CPU.Build.0 = Debug|iPhoneSimulator
		{D92C63F6-B59A-4C7E-AC5C-72669B402487}.Debug|Any CPU.Deploy.0 = Debug|iPhoneSimulator
		{D92C63F6-B59A-4C7E-AC5C-72669B402487}.Debug|ARM.ActiveCfg = Debug|iPhone
		{D92C63F6-B59A-4C7E-AC5C-72669B402487}.Debug|ARM.Build.0 = Debug|iPhone
		{D92C63F6-B59A-4C7E-AC5C-72669B402487}.Debug|ARM.Deploy.0 = Debug|iPhone
		{D92C63F6-B59A-4C7E-AC5C-72669B402487}.Debug|iPhone.ActiveCfg = Debug|iPhone
		{D92C63F6-B59A-4C7E-AC5C-72669B402487}.Debug|iPhone.Build.0 = Debug|iPhone
		{D92C63F6-B59A-4C7E-AC5C-72669B402487}.Debug|iPhone.Deploy.0 = Debug|iPhone
		{D92C63F6-B59A-4C7E-AC5C-72669B402487}.Debug|iPhoneSimulator.ActiveCfg = Debug|iPhoneSimulator
		{D92C63F6-B59A-4C7E-AC5C-72669B402487}.Debug|iPhoneSimulator.Build.0 = Debug|iPhoneSimulator
		{D92C63F6-B59A-4C7E-AC5C-72669B402487}.Debug|iPhoneSimulator.Deploy.0 = Debug|iPhoneSimulator
		{D92C63F6-B59A-4C7E-AC5C-72669B402487}.Debug|x64.ActiveCfg = Debug|iPhoneSimulator
		{D92C63F6-B59A-4C7E-AC5C-72669B402487}.Debug|x64.Build.0 = Debug|iPhoneSimulator
		{D92C63F6-B59A-4C7E-AC5C-72669B402487}.Debug|x64.Deploy.0 = Debug|iPhoneSimulator
		{D92C63F6-B59A-4C7E-AC5C-72669B402487}.Debug|x86.ActiveCfg = Debug|iPhoneSimulator
		{D92C63F6-B59A-4C7E-AC5C-72669B402487}.Debug|x86.Build.0 = Debug|iPhoneSimulator
		{D92C63F6-B59A-4C7E-AC5C-72669B402487}.Debug|x86.Deploy.0 = Debug|iPhoneSimulator
		{D92C63F6-B59A-4C7E-AC5C-72669B402487}.Release|Any CPU.ActiveCfg = Release|iPhoneSimulator
		{D92C63F6-B59A-4C7E-AC5C-72669B402487}.Release|Any CPU.Build.0 = Release|iPhoneSimulator
		{D92C63F6-B59A-4C7E-AC5C-72669B402487}.Release|Any CPU.Deploy.0 = Release|iPhoneSimulator
		{D92C63F6-B59A-4C7E-AC5C-72669B402487}.Release|ARM.ActiveCfg = Release|iPhoneSimulator
		{D92C63F6-B59A-4C7E-AC5C-72669B402487}.Release|ARM.Build.0 = Release|iPhoneSimulator
		{D92C63F6-B59A-4C7E-AC5C-72669B402487}.Release|ARM.Deploy.0 = Release|iPhoneSimulator
		{D92C63F6-B59A-4C7E-AC5C-72669B402487}.Release|iPhone.ActiveCfg = Release|iPhone
		{D92C63F6-B59A-4C7E-AC5C-72669B402487}.Release|iPhone.Build.0 = Release|iPhone
		{D92C63F6-B59A-4C7E-AC5C-72669B402487}.Release|iPhone.Deploy.0 = Release|iPhone
		{D92C63F6-B59A-4C7E-AC5C-72669B402487}.Release|iPhoneSimulator.ActiveCfg = Release|iPhoneSimulator
		{D92C63F6-B59A-4C7E-AC5C-72669B402487}.Release|iPhoneSimulator.Build.0 = Release|iPhoneSimulator
		{D92C63F6-B59A-4C7E-AC5C-72669B402487}.Release|iPhoneSimulator.Deploy.0 = Release|iPhoneSimulator
		{D92C63F6-B59A-4C7E-AC5C-72669B402487}.Release|x64.ActiveCfg = Release|iPhoneSimulator
		{D92C63F6-B59A-4C7E-AC5C-72669B402487}.Release|x64.Build.0 = Release|iPhoneSimulator
		{D92C63F6-B59A-4C7E-AC5C-72669B402487}.Release|x64.Deploy.0 = Release|iPhoneSimulator
		{D92C63F6-B59A-4C7E-AC5C-72669B402487}.Release|x86.ActiveCfg = Release|iPhoneSimulator
		{D92C63F6-B59A-4C7E-AC5C-72669B402487}.Release|x86.Build.0 = Release|iPhoneSimulator
		{D92C63F6-B59A-4C7E-AC5C-72669B402487}.Release|x86.Deploy.0 = Release|iPhoneSimulator
		{EB38534D-9E87-4F53-99F4-183BC5FE8A2B}.Debug|Any CPU.ActiveCfg = Debug|Any CPU
		{EB38534D-9E87-4F53-99F4-183BC5FE8A2B}.Debug|Any CPU.Build.0 = Debug|Any CPU
		{EB38534D-9E87-4F53-99F4-183BC5FE8A2B}.Debug|Any CPU.Deploy.0 = Debug|Any CPU
		{EB38534D-9E87-4F53-99F4-183BC5FE8A2B}.Debug|ARM.ActiveCfg = Debug|Any CPU
		{EB38534D-9E87-4F53-99F4-183BC5FE8A2B}.Debug|ARM.Build.0 = Debug|Any CPU
		{EB38534D-9E87-4F53-99F4-183BC5FE8A2B}.Debug|ARM.Deploy.0 = Debug|Any CPU
		{EB38534D-9E87-4F53-99F4-183BC5FE8A2B}.Debug|iPhone.ActiveCfg = Debug|Any CPU
		{EB38534D-9E87-4F53-99F4-183BC5FE8A2B}.Debug|iPhone.Build.0 = Debug|Any CPU
		{EB38534D-9E87-4F53-99F4-183BC5FE8A2B}.Debug|iPhone.Deploy.0 = Debug|Any CPU
		{EB38534D-9E87-4F53-99F4-183BC5FE8A2B}.Debug|iPhoneSimulator.ActiveCfg = Debug|Any CPU
		{EB38534D-9E87-4F53-99F4-183BC5FE8A2B}.Debug|iPhoneSimulator.Build.0 = Debug|Any CPU
		{EB38534D-9E87-4F53-99F4-183BC5FE8A2B}.Debug|iPhoneSimulator.Deploy.0 = Debug|Any CPU
		{EB38534D-9E87-4F53-99F4-183BC5FE8A2B}.Debug|x64.ActiveCfg = Debug|Any CPU
		{EB38534D-9E87-4F53-99F4-183BC5FE8A2B}.Debug|x64.Build.0 = Debug|Any CPU
		{EB38534D-9E87-4F53-99F4-183BC5FE8A2B}.Debug|x64.Deploy.0 = Debug|Any CPU
		{EB38534D-9E87-4F53-99F4-183BC5FE8A2B}.Debug|x86.ActiveCfg = Debug|Any CPU
		{EB38534D-9E87-4F53-99F4-183BC5FE8A2B}.Debug|x86.Build.0 = Debug|Any CPU
		{EB38534D-9E87-4F53-99F4-183BC5FE8A2B}.Debug|x86.Deploy.0 = Debug|Any CPU
		{EB38534D-9E87-4F53-99F4-183BC5FE8A2B}.Release|Any CPU.ActiveCfg = Release|Any CPU
		{EB38534D-9E87-4F53-99F4-183BC5FE8A2B}.Release|Any CPU.Build.0 = Release|Any CPU
		{EB38534D-9E87-4F53-99F4-183BC5FE8A2B}.Release|Any CPU.Deploy.0 = Release|Any CPU
		{EB38534D-9E87-4F53-99F4-183BC5FE8A2B}.Release|ARM.ActiveCfg = Release|Any CPU
		{EB38534D-9E87-4F53-99F4-183BC5FE8A2B}.Release|ARM.Build.0 = Release|Any CPU
		{EB38534D-9E87-4F53-99F4-183BC5FE8A2B}.Release|ARM.Deploy.0 = Release|Any CPU
		{EB38534D-9E87-4F53-99F4-183BC5FE8A2B}.Release|iPhone.ActiveCfg = Release|Any CPU
		{EB38534D-9E87-4F53-99F4-183BC5FE8A2B}.Release|iPhone.Build.0 = Release|Any CPU
		{EB38534D-9E87-4F53-99F4-183BC5FE8A2B}.Release|iPhone.Deploy.0 = Release|Any CPU
		{EB38534D-9E87-4F53-99F4-183BC5FE8A2B}.Release|iPhoneSimulator.ActiveCfg = Release|Any CPU
		{EB38534D-9E87-4F53-99F4-183BC5FE8A2B}.Release|iPhoneSimulator.Build.0 = Release|Any CPU
		{EB38534D-9E87-4F53-99F4-183BC5FE8A2B}.Release|iPhoneSimulator.Deploy.0 = Release|Any CPU
		{EB38534D-9E87-4F53-99F4-183BC5FE8A2B}.Release|x64.ActiveCfg = Release|Any CPU
		{EB38534D-9E87-4F53-99F4-183BC5FE8A2B}.Release|x64.Build.0 = Release|Any CPU
		{EB38534D-9E87-4F53-99F4-183BC5FE8A2B}.Release|x64.Deploy.0 = Release|Any CPU
		{EB38534D-9E87-4F53-99F4-183BC5FE8A2B}.Release|x86.ActiveCfg = Release|Any CPU
		{EB38534D-9E87-4F53-99F4-183BC5FE8A2B}.Release|x86.Build.0 = Release|Any CPU
		{EB38534D-9E87-4F53-99F4-183BC5FE8A2B}.Release|x86.Deploy.0 = Release|Any CPU
	EndGlobalSection
	GlobalSection(SolutionProperties) = preSolution
		HideSolutionNode = FALSE
	EndGlobalSection
	GlobalSection(ExtensibilityGlobals) = postSolution
		SolutionGuid = {DCC31235-9D4D-420C-9D8D-5801F8A59C2F}
	EndGlobalSection
EndGlobal
